
Microsoft Visual Studio Solution File, Format Version 12.00
# Visual Studio Version 16
VisualStudioVersion = 16.0.30804.86
MinimumVisualStudioVersion = 10.0.40219.1
Project("{FAE04EC0-301F-11D3-BF4B-00C04F79EFBC}") = "Task 10 (Sum)", "Task 10 (Sum)\Task 10 (Sum).csproj", "{DA0DE026-EE74-45C1-B6CB-2EB9FF036BB5}"
EndProject
Global
	GlobalSection(SolutionConfigurationPlatforms) = preSolution
		Debug|Any CPU = Debug|Any CPU
		Release|Any CPU = Release|Any CPU
	EndGlobalSection
	GlobalSection(ProjectConfigurationPlatforms) = postSolution
		{DA0DE026-EE74-45C1-B6CB-2EB9FF036BB5}.Debug|Any CPU.ActiveCfg = Debug|Any CPU
		{DA0DE026-EE74-45C1-B6CB-2EB9FF036BB5}.Debug|Any CPU.Build.0 = Debug|Any CPU
		{DA0DE026-EE74-45C1-B6CB-2EB9FF036BB5}.Release|Any CPU.ActiveCfg = Release|Any CPU
		{DA0DE026-EE74-45C1-B6CB-2EB9FF036BB5}.Release|Any CPU.Build.0 = Release|Any CPU
	EndGlobalSection
	GlobalSection(SolutionProperties) = preSolution
		HideSolutionNode = FALSE
	EndGlobalSection
	GlobalSection(ExtensibilityGlobals) = postSolution
		SolutionGuid = {882F876C-0BCE-4721-9866-A95FFFB9CA87}
	EndGlobalSection
EndGlobal
