
Microsoft Visual Studio Solution File, Format Version 12.00
# Visual Studio Version 16
VisualStudioVersion = 16.0.30804.86
MinimumVisualStudioVersion = 10.0.40219.1
Project("{FAE04EC0-301F-11D3-BF4B-00C04F79EFBC}") = "Task 6 (Teams)", "Task 6 (Teams)\Task 6 (Teams).csproj", "{F87D8992-7FC3-4D5B-930E-CA185B4C05E7}"
EndProject
Global
	GlobalSection(SolutionConfigurationPlatforms) = preSolution
		Debug|Any CPU = Debug|Any CPU
		Release|Any CPU = Release|Any CPU
	EndGlobalSection
	GlobalSection(ProjectConfigurationPlatforms) = postSolution
		{F87D8992-7FC3-4D5B-930E-CA185B4C05E7}.Debug|Any CPU.ActiveCfg = Debug|Any CPU
		{F87D8992-7FC3-4D5B-930E-CA185B4C05E7}.Debug|Any CPU.Build.0 = Debug|Any CPU
		{F87D8992-7FC3-4D5B-930E-CA185B4C05E7}.Release|Any CPU.ActiveCfg = Release|Any CPU
		{F87D8992-7FC3-4D5B-930E-CA185B4C05E7}.Release|Any CPU.Build.0 = Release|Any CPU
	EndGlobalSection
	GlobalSection(SolutionProperties) = preSolution
		HideSolutionNode = FALSE
	EndGlobalSection
	GlobalSection(ExtensibilityGlobals) = postSolution
		SolutionGuid = {B54760A0-FB9D-4D3C-9F93-944D9AE459BA}
	EndGlobalSection
EndGlobal
